# This file is autogenerated, do not edit; changes may be undone by the next 'dep ensure'.


[[projects]]
  name = "github.com/pkg/errors"
  packages = ["."]
  revision = "645ef00459ed84a119197bfb8d8205042c6df63d"
  version = "v0.8.0"

[[projects]]
  name = "gopkg.in/olivere/elastic.v5"
  packages = [".","config","uritemplates"]
  revision = "171ce647da4acfb30ffc99981d66d80bdea6bcee"
  version = "v5.0.53"

[solve-meta]
  analyzer-name = "dep"
  analyzer-version = 1
  inputs-digest = "3a35c6def20289843399c184856aa1100dd1f0a7be4aaa5578b067ed6fc25dd1"
  solver-name = "gps-cdcl"
  solver-version = 1
